
Microsoft Visual Studio Solution File, Format Version 12.00
Project("{FAE04EC0-301F-11D3-BF4B-00C04F79EFBC}") = "ImRecall", "ImRecall\ImRecall.csproj", "{108CD760-05DB-482D-BA3D-068CB3EE3A02}"
EndProject
Global
	GlobalSection(SolutionConfigurationPlatforms) = preSolution
		Debug|Any CPU = Debug|Any CPU
		Release|Any CPU = Release|Any CPU
	EndGlobalSection
	GlobalSection(ProjectConfigurationPlatforms) = postSolution
		{108CD760-05DB-482D-BA3D-068CB3EE3A02}.Debug|Any CPU.ActiveCfg = Debug|Any CPU
		{108CD760-05DB-482D-BA3D-068CB3EE3A02}.Debug|Any CPU.Build.0 = Debug|Any CPU
		{108CD760-05DB-482D-BA3D-068CB3EE3A02}.Release|Any CPU.ActiveCfg = Release|Any CPU
		{108CD760-05DB-482D-BA3D-068CB3EE3A02}.Release|Any CPU.Build.0 = Release|Any CPU
	EndGlobalSection
EndGlobal
